
Microsoft Visual Studio Solution File, Format Version 12.00
# Visual Studio Version 17
VisualStudioVersion = 17.0.32014.148
MinimumVisualStudioVersion = 10.0.40219.1
Project("{FAE04EC0-301F-11D3-BF4B-00C04F79EFBC}") = "bacheca", "bacheca\bacheca.csproj", "{BA128CB0-E03B-4B32-9729-40820F2AD258}"
EndProject
Global
	GlobalSection(SolutionConfigurationPlatforms) = preSolution
		Debug|Any CPU = Debug|Any CPU
		Release|Any CPU = Release|Any CPU
	EndGlobalSection
	GlobalSection(ProjectConfigurationPlatforms) = postSolution
		{BA128CB0-E03B-4B32-9729-40820F2AD258}.Debug|Any CPU.ActiveCfg = Debug|Any CPU
		{BA128CB0-E03B-4B32-9729-40820F2AD258}.Debug|Any CPU.Build.0 = Debug|Any CPU
		{BA128CB0-E03B-4B32-9729-40820F2AD258}.Release|Any CPU.ActiveCfg = Release|Any CPU
		{BA128CB0-E03B-4B32-9729-40820F2AD258}.Release|Any CPU.Build.0 = Release|Any CPU
	EndGlobalSection
	GlobalSection(SolutionProperties) = preSolution
		HideSolutionNode = FALSE
	EndGlobalSection
	GlobalSection(ExtensibilityGlobals) = postSolution
		SolutionGuid = {CBB7F895-2280-4048-B580-1FEE6739ED2C}
	EndGlobalSection
EndGlobal
